
Microsoft Visual Studio Solution File, Format Version 12.00
# Visual Studio 15
VisualStudioVersion = 15.0.28307.572
MinimumVisualStudioVersion = 10.0.40219.1
Project("{FAE04EC0-301F-11D3-BF4B-00C04F79EFBC}") = "SliderCaptcha.NET", "SliderCaptcha.NET\SliderCaptcha.NET.csproj", "{1D4C1678-01D0-4400-8304-7EB73B614E1E}"
EndProject
Project("{FAE04EC0-301F-11D3-BF4B-00C04F79EFBC}") = "SliderCaptcha.WinForms.Example", "SliderCaptcha.WinForms.Example\SliderCaptcha.WinForms.Example.csproj", "{0EE93364-4458-4FCD-B85F-BAC34E0BEF62}"
EndProject
Project("{FAE04EC0-301F-11D3-BF4B-00C04F79EFBC}") = "SliderCaptcha.MVC.Example", "SliderCaptcha.MVC.Example\SliderCaptcha.MVC.Example.csproj", "{5E5FE9F3-474F-476B-BB44-FD723CB74839}"
EndProject
Global
	GlobalSection(SolutionConfigurationPlatforms) = preSolution
		Debug|Any CPU = Debug|Any CPU
		Release|Any CPU = Release|Any CPU
	EndGlobalSection
	GlobalSection(ProjectConfigurationPlatforms) = postSolution
		{1D4C1678-01D0-4400-8304-7EB73B614E1E}.Debug|Any CPU.ActiveCfg = Debug|Any CPU
		{1D4C1678-01D0-4400-8304-7EB73B614E1E}.Debug|Any CPU.Build.0 = Debug|Any CPU
		{1D4C1678-01D0-4400-8304-7EB73B614E1E}.Release|Any CPU.ActiveCfg = Release|Any CPU
		{1D4C1678-01D0-4400-8304-7EB73B614E1E}.Release|Any CPU.Build.0 = Release|Any CPU
		{0EE93364-4458-4FCD-B85F-BAC34E0BEF62}.Debug|Any CPU.ActiveCfg = Debug|Any CPU
		{0EE93364-4458-4FCD-B85F-BAC34E0BEF62}.Debug|Any CPU.Build.0 = Debug|Any CPU
		{0EE93364-4458-4FCD-B85F-BAC34E0BEF62}.Release|Any CPU.ActiveCfg = Release|Any CPU
		{0EE93364-4458-4FCD-B85F-BAC34E0BEF62}.Release|Any CPU.Build.0 = Release|Any CPU
		{5E5FE9F3-474F-476B-BB44-FD723CB74839}.Debug|Any CPU.ActiveCfg = Debug|Any CPU
		{5E5FE9F3-474F-476B-BB44-FD723CB74839}.Debug|Any CPU.Build.0 = Debug|Any CPU
		{5E5FE9F3-474F-476B-BB44-FD723CB74839}.Release|Any CPU.ActiveCfg = Release|Any CPU
		{5E5FE9F3-474F-476B-BB44-FD723CB74839}.Release|Any CPU.Build.0 = Release|Any CPU
	EndGlobalSection
	GlobalSection(SolutionProperties) = preSolution
		HideSolutionNode = FALSE
	EndGlobalSection
	GlobalSection(ExtensibilityGlobals) = postSolution
		SolutionGuid = {4ABA6D5B-BC32-4322-95F5-38FD0726A9A4}
	EndGlobalSection
EndGlobal
